{
  "name": "nodejs",
  "version": "0.1.0",
  "lockfileVersion": 1,
  "requires": true,
  "dependencies": {
    "@vue/cli-plugin-babel": {
      "version": "3.12.0",
      "resolved": "https://registry.npmjs.org/@vue/cli-plugin-babel/-/cli-plugin-babel-3.12.0.tgz",
      "integrity": "sha512-8ZzNeSM9gV+w0F8+ex3MZ7+NsdmXfdsAiZkd2TKNTWv2Mu8ZQ/iv3Lcn/vzB9oCGzVdWhdmHBcVwsKknPckLxw==",
      "dev": true
    },
    "@vue/cli-plugin-eslint": {
      "version": "3.12.0",
      "resolved": "https://registry.npmjs.org/@vue/cli-plugin-eslint/-/cli-plugin-eslint-3.12.0.tgz",
      "integrity": "sha512-0LKwKi+x0yxQjKOq3bXBXjn3XfhybLgSIJz4TNuvhcxh7NZt9NrvaU3iZUVb1gMUNBlFy7arK3Kame4kGQoFeQ==",
      "dev": true,
      "dependencies": {
        "ajv": {
          "version": "5.5.2",
          "resolved": "https://registry.npmjs.org/ajv/-/ajv-5.5.2.tgz",
          "integrity": "sha1-c7Xuyj+rZT49P5Qis0GtQiBdyWU="
        },
        "ansi-regex": {
          "version": "3.0.0",
          "resolved": "https://registry.npmjs.org/ansi-regex/-/ansi-regex-3.0.0.tgz",
          "integrity": "sha1-7QMXwyIGT3lGbAKWa922Bas32Zg="
        },
        "cross-spawn": {
          "version": "5.1.0",
          "resolved": "https://registry.npmjs.org/cross-spawn/-/cross-spawn-5.1.0.tgz",
          "integrity": "sha1-6L0O/uWPz/b4+UUQoKVUu/ojVEk="
        },
        "debug": {
          "version": "3.2.6",
          "resolved": "https://registry.npmjs.org/debug/-/debug-3.2.6.tgz",
          "integrity": "sha512-mel+jf7nrtEl5Pn1Qx46zARXKDpBbvzezse7p7LqINmdoIk8PYP5SySaxEmYv6TZ0JyEKA1hsCId6DIhgITtWQ=="
        },
        "eslint": {
          "version": "4.19.1",
          "resolved": "https://registry.npmjs.org/eslint/-/eslint-4.19.1.tgz",
          "integrity": "sha512-bT3/1x1EbZB7phzYu7vCr1v3ONuzDtX8WjuM9c0iYxe+cq+pwcKEoQjl7zd3RpC6YOLgnSy3cTN58M2jcoPDIQ=="
        },
        "eslint-plugin-vue": {
          "version": "4.7.1",
          "resolved": "https://registry.npmjs.org/eslint-plugin-vue/-/eslint-plugin-vue-4.7.1.tgz",
          "integrity": "sha512-esETKhVMI7Vdli70Wt4bvAwnZBJeM0pxVX9Yb0wWKxdCJc2EADalVYK/q2FzMw8oKN0wPMdqVCKS8kmR89recA=="
        },
        "eslint-scope": {
          "version": "3.7.3",
          "resolved": "https://registry.npmjs.org/eslint-scope/-/eslint-scope-3.7.3.tgz",
          "integrity": "sha512-W+B0SvF4gamyCTmUc+uITPY0989iXVfKvhwtmJocTaYoc/3khEHmEmvfY/Gn9HA9VV75jrQECsHizkNw1b68FA=="
        },
        "fast-deep-equal": {
          "version": "1.1.0",
          "resolved": "https://registry.npmjs.org/fast-deep-equal/-/fast-deep-equal-1.1.0.tgz",
          "integrity": "sha1-wFNHeBfIa1HaqFPIHgWbcz0CNhQ="
        },
        "json-schema-traverse": {
          "version": "0.3.1",
          "resolved": "https://registry.npmjs.org/json-schema-traverse/-/json-schema-traverse-0.3.1.tgz",
          "integrity": "sha1-NJptRMU6Ud6JtAgFxdXlm0F9M0A="
        },
        "lru-cache": {
          "version": "4.1.5",
          "resolved": "https://registry.npmjs.org/lru-cache/-/lru-cache-4.1.5.tgz",
          "integrity": "sha512-sWZlbEP2OsHNkXrMl5GYk/jKk70MBng6UU4YI/qGDYbgf6YbP4EvmqISbXCoJiRKs+1bSpFHVgQxvJ17F2li5g=="
        },
        "ms": {
          "version": "2.1.2",
          "resolved": "https://registry.npmjs.org/ms/-/ms-2.1.2.tgz",
          "integrity": "sha512-sGkPx+VjMtmA6MX27oA4FBFELFCZZ4S4XqeGOXCv68tT+jb3vk/RyaKWP0PTKyWtmLSM0b+adUTEvbs1PEaH2w=="
        },
        "strip-ansi": {
          "version": "4.0.0",
          "resolved": "https://registry.npmjs.org/strip-ansi/-/strip-ansi-4.0.0.tgz",
          "integrity": "sha1-qEeQIusaw2iocTibY1JixQXuNo8="
        },
        "yallist": {
          "version": "2.1.2",
          "resolved": "https://registry.npmjs.org/yallist/-/yallist-2.1.2.tgz",
          "integrity": "sha1-HBH5IY8HYImkfdUS+TxmmaaoHVI="
        }
      }
    },
    "@vue/cli-service": {
      "version": "3.12.0",
      "resolved": "https://registry.npmjs.org/@vue/cli-service/-/cli-service-3.12.0.tgz",
      "integrity": "sha512-f66kLWeuurDtxtevxYojYk/zFu9Dy7/m3NmWtd8lWjQT/Do1A5QITm3+RdtYSubaZUVVlapNzdn6TuIvW6jL4A==",
      "dev": true,
      "dependencies": {
        "debug": {
          "version": "4.1.1",
          "resolved": "https://registry.npmjs.org/debug/-/debug-4.1.1.tgz",
          "integrity": "sha512-pYAIzeRo8J6KPEaJ0VWOh5Pzkbw/RetuzehGM7QRRX5he4fPHx2rdKMB256ehJCkX+XRQm16eZLqLNS8RSZXZw=="
        },
        "minimist": {
          "version": "1.2.0",
          "resolved": "https://registry.npmjs.org/minimist/-/minimist-1.2.0.tgz",
          "integrity": "sha1-o1AIsg9BOD7sH7kU9M1d95omQoQ="
        },
        "ms": {
          "version": "2.1.2",
          "resolved": "https://registry.npmjs.org/ms/-/ms-2.1.2.tgz",
          "integrity": "sha512-sGkPx+VjMtmA6MX27oA4FBFELFCZZ4S4XqeGOXCv68tT+jb3vk/RyaKWP0PTKyWtmLSM0b+adUTEvbs1PEaH2w=="
        },
        "semver": {
          "version": "6.3.0",
          "resolved": "https://registry.npmjs.org/semver/-/semver-6.3.0.tgz",
          "integrity": "sha512-b39TBaTSfV6yBrapU89p5fKekE2m/NwnDocOVruQFS1/veMgdzuPcnOM34M6CwxW8jH/lxEa5rBoDeUwu5HHTw=="
        }
      }
    },
    "@vue/eslint-config-airbnb": {
      "version": "4.0.1",
      "resolved": "https://registry.npmjs.org/@vue/eslint-config-airbnb/-/eslint-config-airbnb-4.0.1.tgz",
      "integrity": "sha512-+4eD6qpiizX3v4mx5iSzMs7U2VecJw+c9TnverNYr94e0DD/mkIV0axTlAsBjkAjuqhjWS/E8F9/Pd7qRH03gA==",
      "dev": true
    },
    "axios": {
      "version": "0.21.1",
      "resolved": "https://registry.npmjs.org/axios/-/axios-0.21.1.tgz",
      "integrity": "sha512-dKQiRHxGD9PPRIUNIWvZhPTPpl1rf/OxTYKsqKUDjBwYylTvV7SjSHJb9ratfyzM6wCdLCOYLzs73qpg5c4iGA==",
      "requires": {
        "follow-redirects": "^1.10.0"
      },
      "dependencies": {
        "follow-redirects": {
          "version": "1.13.1",
          "resolved": "https://registry.npmjs.org/follow-redirects/-/follow-redirects-1.13.1.tgz",
          "integrity": "sha512-SSG5xmZh1mkPGyKzjZP8zLjltIfpW32Y5QpdNJyjcfGxK3qo3NDDkZOZSFiGn1A6SclQxY9GzEwAHQ3dmYRWpg=="
        }
      }
    },
    "babel-eslint": {
      "version": "10.0.3",
      "resolved": "https://registry.npmjs.org/babel-eslint/-/babel-eslint-10.0.3.tgz",
      "integrity": "sha512-z3U7eMY6r/3f3/JB9mTsLjyxrv0Yb1zb8PCWCLpguxfCzBIZUwy23R1t/XKewP+8mEN2Ck8Dtr4q20z6ce6SoA==",
      "dev": true
    },
    "core-js": {
      "version": "2.6.10",
      "resolved": "https://registry.npmjs.org/core-js/-/core-js-2.6.10.tgz",
      "integrity": "sha512-I39t74+4t+zau64EN1fE5v2W31Adtc/REhzWN+gWRRXg6WH5qAsZm62DHpQ1+Yhe4047T55jvzz7MUqF/dBBlA=="
    },
    "cors": {
      "version": "2.8.5",
      "resolved": "https://registry.npmjs.org/cors/-/cors-2.8.5.tgz",
      "integrity": "sha512-KIHbLJqu73RGr/hnbrO9uBeixNGuvSQjul/jdFvS/KFSIH1hWVd1ng7zOHx+YrEfInLG7q4n6GHQ9cDtxv/P6g=="
    },
    "eslint": {
      "version": "5.16.0",
      "resolved": "https://registry.npmjs.org/eslint/-/eslint-5.16.0.tgz",
      "integrity": "sha512-S3Rz11i7c8AA5JPv7xAH+dOyq/Cu/VXHiHXBPOU1k/JAM5dXqQPt3qcrhpHSorXmrpu2g0gkIBVXAqCpzfoZIg==",
      "dev": true,
      "dependencies": {
        "acorn-jsx": {
          "version": "5.1.0",
          "resolved": "https://registry.npmjs.org/acorn-jsx/-/acorn-jsx-5.1.0.tgz",
          "integrity": "sha512-tMUqwBWfLFbJbizRmEcWSLw6HnFzfdJs2sOJEOwwtVPMoH/0Ay+E703oZz78VSXZiiDcZrQ5XKjPIUQixhmgVw=="
        },
        "chardet": {
          "version": "0.7.0",
          "resolved": "https://registry.npmjs.org/chardet/-/chardet-0.7.0.tgz",
          "integrity": "sha512-mT8iDcrh03qDGRRmoA2hmBJnxpllMR+0/0qlzjqZES6NdiWDcZkCNAk4rPFZ9Q85r27unkiNNg8ZOiwZXBHwcA=="
        },
        "debug": {
          "version": "4.1.1",
          "resolved": "https://registry.npmjs.org/debug/-/debug-4.1.1.tgz",
          "integrity": "sha512-pYAIzeRo8J6KPEaJ0VWOh5Pzkbw/RetuzehGM7QRRX5he4fPHx2rdKMB256ehJCkX+XRQm16eZLqLNS8RSZXZw=="
        },
        "doctrine": {
          "version": "3.0.0",
          "resolved": "https://registry.npmjs.org/doctrine/-/doctrine-3.0.0.tgz",
          "integrity": "sha512-yS+Q5i3hBf7GBkd4KG8a7eBNNWNGLTaEwwYWUijIYM7zrlYDM0BFXHjjPWlWZ1Rg7UaddZeIDmi9jF3HmqiQ2w=="
        },
        "espree": {
          "version": "5.0.1",
          "resolved": "https://registry.npmjs.org/espree/-/espree-5.0.1.tgz",
          "integrity": "sha512-qWAZcWh4XE/RwzLJejfcofscgMc9CamR6Tn1+XRXNzrvUSSbiAjGOI/fggztjIi7y9VLPqnICMIPiGyr8JaZ0A=="
        },
        "external-editor": {
          "version": "3.1.0",
          "resolved": "https://registry.npmjs.org/external-editor/-/external-editor-3.1.0.tgz",
          "integrity": "sha512-hMQ4CX1p1izmuLYyZqLMO/qGNw10wSv9QDCPfzXfyFrOaCSSoRfqE1Kf1s5an66J5JZC62NewG+mK49jOCtQew=="
        },
        "file-entry-cache": {
          "version": "5.0.1",
          "resolved": "https://registry.npmjs.org/file-entry-cache/-/file-entry-cache-5.0.1.tgz",
          "integrity": "sha512-bCg29ictuBaKUwwArK4ouCaqDgLZcysCFLmM/Yn/FDoqndh/9vNuQfXRDvTuXKLxfD/JtZQGKFT8MGcJBK644g=="
        },
        "flat-cache": {
          "version": "2.0.1",
          "resolved": "https://registry.npmjs.org/flat-cache/-/flat-cache-2.0.1.tgz",
          "integrity": "sha512-LoQe6yDuUMDzQAEH8sgmh4Md6oZnc/7PjtwjNFSzveXqSHt6ka9fPBuso7IGf9Rz4uqnSnWiFH2B/zj24a5ReA=="
        },
        "ignore": {
          "version": "4.0.6",
          "resolved": "https://registry.npmjs.org/ignore/-/ignore-4.0.6.tgz",
          "integrity": "sha512-cyFDKrqc/YdcWFniJhzI42+AzS+gNwmUzOSFcRCQYwySuBBBy/KjuxWLZ/FHEH6Moq1NizMOBWyTcv8O4OZIMg=="
        },
        "import-fresh": {
          "version": "3.1.0",
          "resolved": "https://registry.npmjs.org/import-fresh/-/import-fresh-3.1.0.tgz",
          "integrity": "sha512-PpuksHKGt8rXfWEr9m9EHIpgyyaltBy8+eF6GJM0QCAxMgxCfucMF3mjecK2QsJr0amJW7gTqh5/wht0z2UhEQ=="
        },
        "inquirer": {
          "version": "6.5.2",
          "resolved": "https://registry.npmjs.org/inquirer/-/inquirer-6.5.2.tgz",
          "integrity": "sha512-cntlB5ghuB0iuO65Ovoi8ogLHiWGs/5yNrtUcKjFhSSiVeAIVpD7koaSU9RM8mpXw5YDi9RdYXGQMaOURB7ycQ==",
          "dependencies": {
            "strip-ansi": {
              "version": "5.2.0",
              "resolved": "https://registry.npmjs.org/strip-ansi/-/strip-ansi-5.2.0.tgz",
              "integrity": "sha512-DuRs1gKbBqsMKIZlrffwlug8MHkcnpjs5VPmL1PAh+mA30U0DTotfDZ0d2UUsXpPmPmMMJ6W773MaA3J+lbiWA=="
            }
          }
        },
        "ms": {
          "version": "2.1.2",
          "resolved": "https://registry.npmjs.org/ms/-/ms-2.1.2.tgz",
          "integrity": "sha512-sGkPx+VjMtmA6MX27oA4FBFELFCZZ4S4XqeGOXCv68tT+jb3vk/RyaKWP0PTKyWtmLSM0b+adUTEvbs1PEaH2w=="
        },
        "regexpp": {
          "version": "2.0.1",
          "resolved": "https://registry.npmjs.org/regexpp/-/regexpp-2.0.1.tgz",
          "integrity": "sha512-lv0M6+TkDVniA3aD1Eg0DVpfU/booSu7Eev3TDO/mZKHBfVjgCGTV4t4buppESEYDtkArYFOxTJWv6S5C+iaNw=="
        },
        "resolve-from": {
          "version": "4.0.0",
          "resolved": "https://registry.npmjs.org/resolve-from/-/resolve-from-4.0.0.tgz",
          "integrity": "sha512-pb/MYmXstAkysRFx8piNI1tGFNQIFA3vkE3Gq4EuA1dF6gHp/+vgZqsCGJapvy8N3Q+4o7FwvquPJcnZ7RYy4g=="
        },
        "rimraf": {
          "version": "2.6.3",
          "resolved": "https://registry.npmjs.org/rimraf/-/rimraf-2.6.3.tgz",
          "integrity": "sha512-mwqeW5XsA2qAejG46gYdENaxXjx9onRNCfn7L0duuP4hCuTIi/QO7PDK07KJfp1d+izWPrzEJDcSqBa0OZQriA=="
        },
        "slice-ansi": {
          "version": "2.1.0",
          "resolved": "https://registry.npmjs.org/slice-ansi/-/slice-ansi-2.1.0.tgz",
          "integrity": "sha512-Qu+VC3EwYLldKa1fCxuuvULvSJOKEgk9pi8dZeCVK7TqBfUNTH4sFkk4joj8afVSfAYgJoSOetjx9QWOJ5mYoQ=="
        },
        "strip-ansi": {
          "version": "4.0.0",
          "resolved": "https://registry.npmjs.org/strip-ansi/-/strip-ansi-4.0.0.tgz",
          "integrity": "sha1-qEeQIusaw2iocTibY1JixQXuNo8=",
          "dependencies": {
            "ansi-regex": {
              "version": "3.0.0",
              "resolved": "https://registry.npmjs.org/ansi-regex/-/ansi-regex-3.0.0.tgz",
              "integrity": "sha1-7QMXwyIGT3lGbAKWa922Bas32Zg="
            }
          }
        },
        "table": {
          "version": "5.4.6",
          "resolved": "https://registry.npmjs.org/table/-/table-5.4.6.tgz",
          "integrity": "sha512-wmEc8m4fjnob4gt5riFRtTu/6+4rSe12TpAELNSqHMfF3IqnA+CH37USM6/YR3qRZv7e56kAEAtd6nKZaxe0Ug==",
          "dependencies": {
            "string-width": {
              "version": "3.1.0",
              "resolved": "https://registry.npmjs.org/string-width/-/string-width-3.1.0.tgz",
              "integrity": "sha512-vafcv6KjVZKSgz06oM/H6GDBrAtz8vdhQakGjFIvNrHA6y3HCF1CInLy+QLq8dTJPQ1b+KDUqDFctkdRW44e1w=="
            },
            "strip-ansi": {
              "version": "5.2.0",
              "resolved": "https://registry.npmjs.org/strip-ansi/-/strip-ansi-5.2.0.tgz",
              "integrity": "sha512-DuRs1gKbBqsMKIZlrffwlug8MHkcnpjs5VPmL1PAh+mA30U0DTotfDZ0d2UUsXpPmPmMMJ6W773MaA3J+lbiWA=="
            }
          }
        },
        "write": {
          "version": "1.0.3",
          "resolved": "https://registry.npmjs.org/write/-/write-1.0.3.tgz",
          "integrity": "sha512-/lg70HAjtkUgWPVZhZcm+T4hkL8Zbtp1nFNOn3lRrxnlv50SRBv7cR7RqR+GMsd3hUXy9hWBo4CHTbFTcOYwig=="
        }
      }
    },
    "eslint-plugin-vue": {
      "version": "5.2.3",
      "resolved": "https://registry.npmjs.org/eslint-plugin-vue/-/eslint-plugin-vue-5.2.3.tgz",
      "integrity": "sha512-mGwMqbbJf0+VvpGR5Lllq0PMxvTdrZ/ZPjmhkacrCHbubJeJOt+T6E3HUzAifa2Mxi7RSdJfC9HFpOeSYVMMIw==",
      "dev": true,
      "dependencies": {
        "acorn-jsx": {
          "version": "5.1.0",
          "resolved": "https://registry.npmjs.org/acorn-jsx/-/acorn-jsx-5.1.0.tgz",
          "integrity": "sha512-tMUqwBWfLFbJbizRmEcWSLw6HnFzfdJs2sOJEOwwtVPMoH/0Ay+E703oZz78VSXZiiDcZrQ5XKjPIUQixhmgVw=="
        },
        "debug": {
          "version": "4.1.1",
          "resolved": "https://registry.npmjs.org/debug/-/debug-4.1.1.tgz",
          "integrity": "sha512-pYAIzeRo8J6KPEaJ0VWOh5Pzkbw/RetuzehGM7QRRX5he4fPHx2rdKMB256ehJCkX+XRQm16eZLqLNS8RSZXZw=="
        },
        "espree": {
          "version": "4.1.0",
          "resolved": "https://registry.npmjs.org/espree/-/espree-4.1.0.tgz",
          "integrity": "sha512-I5BycZW6FCVIub93TeVY1s7vjhP9CY6cXCznIRfiig7nRviKZYdRnj/sHEWC6A7WE9RDWOFq9+7OsWSYz8qv2w=="
        },
        "ms": {
          "version": "2.1.2",
          "resolved": "https://registry.npmjs.org/ms/-/ms-2.1.2.tgz",
          "integrity": "sha512-sGkPx+VjMtmA6MX27oA4FBFELFCZZ4S4XqeGOXCv68tT+jb3vk/RyaKWP0PTKyWtmLSM0b+adUTEvbs1PEaH2w=="
        },
        "vue-eslint-parser": {
          "version": "5.0.0",
          "resolved": "https://registry.npmjs.org/vue-eslint-parser/-/vue-eslint-parser-5.0.0.tgz",
          "integrity": "sha512-JlHVZwBBTNVvzmifwjpZYn0oPWH2SgWv5dojlZBsrhablDu95VFD+hriB1rQGwbD+bms6g+rAFhQHk6+NyiS6g=="
        }
      }
    },
    "mongoose": {
      "version": "5.7.5",
      "resolved": "https://registry.npmjs.org/mongoose/-/mongoose-5.7.5.tgz",
      "integrity": "sha512-BZ4FxtnbTurc/wcm/hLltLdI4IDxo4nsE0D9q58YymTdZwreNzwO62CcjVtaHhmr8HmJtOInp2W/T12FZaMf8g==",
      "dependencies": {
        "ms": {
          "version": "2.1.2",
          "resolved": "https://registry.npmjs.org/ms/-/ms-2.1.2.tgz",
          "integrity": "sha512-sGkPx+VjMtmA6MX27oA4FBFELFCZZ4S4XqeGOXCv68tT+jb3vk/RyaKWP0PTKyWtmLSM0b+adUTEvbs1PEaH2w=="
        }
      }
    },
    "multer": {
      "version": "1.4.2",
      "resolved": "https://registry.npmjs.org/multer/-/multer-1.4.2.tgz",
      "integrity": "sha512-xY8pX7V+ybyUpbYMxtjM9KAiD9ixtg5/JkeKUTD6xilfDv0vzzOFcCp4Ljb1UU3tSOM3VTZtKo63OmzOrGi3Cg=="
    },
    "socket.io": {
      "version": "2.3.0",
      "resolved": "https://registry.npmjs.org/socket.io/-/socket.io-2.3.0.tgz",
      "integrity": "sha512-2A892lrj0GcgR/9Qk81EaY2gYhCBxurV0PfmmESO6p27QPrUK1J3zdns+5QPqvUYK2q657nSj0guoIil9+7eFg==",
      "dependencies": {
        "debug": {
          "version": "4.1.1",
          "resolved": "https://registry.npmjs.org/debug/-/debug-4.1.1.tgz",
          "integrity": "sha512-pYAIzeRo8J6KPEaJ0VWOh5Pzkbw/RetuzehGM7QRRX5he4fPHx2rdKMB256ehJCkX+XRQm16eZLqLNS8RSZXZw=="
        },
        "ms": {
          "version": "2.1.2",
          "resolved": "https://registry.npmjs.org/ms/-/ms-2.1.2.tgz",
          "integrity": "sha512-sGkPx+VjMtmA6MX27oA4FBFELFCZZ4S4XqeGOXCv68tT+jb3vk/RyaKWP0PTKyWtmLSM0b+adUTEvbs1PEaH2w=="
        }
      }
    },
    "vue": {
      "version": "2.6.10",
      "resolved": "https://registry.npmjs.org/vue/-/vue-2.6.10.tgz",
      "integrity": "sha512-ImThpeNU9HbdZL3utgMCq0oiMzAkt1mcgy3/E6zWC/G6AaQoeuFdsl9nDhTDU3X1R6FK7nsIUuRACVcjI+A2GQ=="
    },
    "vue-router": {
      "version": "3.1.3",
      "resolved": "https://registry.npmjs.org/vue-router/-/vue-router-3.1.3.tgz",
      "integrity": "sha512-8iSa4mGNXBjyuSZFCCO4fiKfvzqk+mhL0lnKuGcQtO1eoj8nq3CmbEG8FwK5QqoqwDgsjsf1GDuisDX4cdb/aQ=="
    },
    "vue-template-compiler": {
      "version": "2.6.10",
      "resolved": "https://registry.npmjs.org/vue-template-compiler/-/vue-template-compiler-2.6.10.tgz",
      "integrity": "sha512-jVZkw4/I/HT5ZMvRnhv78okGusqe0+qH2A0Em0Cp8aq78+NK9TII263CDVz2QXZsIT+yyV/gZc/j/vlwa+Epyg==",
      "dev": true
    },
    "vuex": {
      "version": "3.1.1",
      "resolved": "https://registry.npmjs.org/vuex/-/vuex-3.1.1.tgz",
      "integrity": "sha512-ER5moSbLZuNSMBFnEBVGhQ1uCBNJslH9W/Dw2W7GZN23UQA69uapP5GTT9Vm8Trc0PzBSVt6LzF3hGjmv41xcg=="
    }
  }
}
